// !$*UTF8*$!
{
	archiveVersion = 1;
	classes = {
	};
	objectVersion = 48;
	objects = {

/* Begin PBXBuildFile section */
		4982A02B33F395CD5F87C04A /* Pods_DiMovies2.framework in Frameworks */ = {isa = PBXBuildFile; fileRef = 6E4408C124DC6D0A7C16DED6 /* Pods_DiMovies2.framework */; };
		6305CCF11FEFD1AB00CF39B1 /* Movie.swift in Sources */ = {isa = PBXBuildFile; fileRef = 6305CCF01FEFD1AB00CF39B1 /* Movie.swift */; };
		6305CCF41FEFE25700CF39B1 /* MovieSelectionViewController.swift in Sources */ = {isa = PBXBuildFile; fileRef = 6305CCF31FEFE25700CF39B1 /* MovieSelectionViewController.swift */; };
		6305CCF61FEFE51500CF39B1 /* MovieHeaderCell.swift in Sources */ = {isa = PBXBuildFile; fileRef = 6305CCF51FEFE51500CF39B1 /* MovieHeaderCell.swift */; };
		632DB38A2168D5D3007A878C /* SearchSectionHeaderCell.swift in Sources */ = {isa = PBXBuildFile; fileRef = 632DB3892168D5D3007A878C /* SearchSectionHeaderCell.swift */; };
		632F044C21677D9C007CD6DA /* Assets.xcassets in Resources */ = {isa = PBXBuildFile; fileRef = 632F044B21677D9C007CD6DA /* Assets.xcassets */; };
		632F044E216786ED007CD6DA /* SearchViewController.swift in Sources */ = {isa = PBXBuildFile; fileRef = 632F044D216786ED007CD6DA /* SearchViewController.swift */; };
		63376A46214EA19800DD51F8 /* trailerCell.swift in Sources */ = {isa = PBXBuildFile; fileRef = 63376A45214EA19800DD51F8 /* trailerCell.swift */; };
		635322B32167FD390063CBC1 /* UserViewController.swift in Sources */ = {isa = PBXBuildFile; fileRef = 635322B22167FD390063CBC1 /* UserViewController.swift */; };
		636B321D2061950800B7F084 /* TmdbAPIService.swift in Sources */ = {isa = PBXBuildFile; fileRef = 636B321C2061950800B7F084 /* TmdbAPIService.swift */; };
		6379B4811FEFF75200C73FE8 /* Main.storyboard in Resources */ = {isa = PBXBuildFile; fileRef = 6379B47F1FEFF75200C73FE8 /* Main.storyboard */; };
		6379B4831FEFFC5C00C73FE8 /* ActorCell.swift in Sources */ = {isa = PBXBuildFile; fileRef = 6379B4821FEFFC5C00C73FE8 /* ActorCell.swift */; };
		63981D401FEFC9CF00F2DB63 /* AppDelegate.swift in Sources */ = {isa = PBXBuildFile; fileRef = 63981D3F1FEFC9CF00F2DB63 /* AppDelegate.swift */; };
		63981D4A1FEFC9CF00F2DB63 /* LaunchScreen.storyboard in Resources */ = {isa = PBXBuildFile; fileRef = 63981D481FEFC9CF00F2DB63 /* LaunchScreen.storyboard */; };
		63981D521FEFC9F000F2DB63 /* MoviesViewController.swift in Sources */ = {isa = PBXBuildFile; fileRef = 63981D511FEFC9F000F2DB63 /* MoviesViewController.swift */; };
		63981D551FEFCBEF00F2DB63 /* MovieCell.swift in Sources */ = {isa = PBXBuildFile; fileRef = 63981D541FEFCBEF00F2DB63 /* MovieCell.swift */; };
		63EEE9591FF0027A00E66F2A /* Actor.swift in Sources */ = {isa = PBXBuildFile; fileRef = 63EEE9581FF0027A00E66F2A /* Actor.swift */; };
/* End PBXBuildFile section */

/* Begin PBXFileReference section */
		6305CCF01FEFD1AB00CF39B1 /* Movie.swift */ = {isa = PBXFileReference; lastKnownFileType = sourcecode.swift; path = Movie.swift; sourceTree = "<group>"; };
		6305CCF31FEFE25700CF39B1 /* MovieSelectionViewController.swift */ = {isa = PBXFileReference; lastKnownFileType = sourcecode.swift; path = MovieSelectionViewController.swift; sourceTree = "<group>"; };
		6305CCF51FEFE51500CF39B1 /* MovieHeaderCell.swift */ = {isa = PBXFileReference; lastKnownFileType = sourcecode.swift; path = MovieHeaderCell.swift; sourceTree = "<group>"; };
		632DB3892168D5D3007A878C /* SearchSectionHeaderCell.swift */ = {isa = PBXFileReference; lastKnownFileType = sourcecode.swift; path = SearchSectionHeaderCell.swift; sourceTree = "<group>"; };
		632F044B21677D9C007CD6DA /* Assets.xcassets */ = {isa = PBXFileReference; lastKnownFileType = folder.assetcatalog; path = Assets.xcassets; sourceTree = "<group>"; };
		632F044D216786ED007CD6DA /* SearchViewController.swift */ = {isa = PBXFileReference; lastKnownFileType = sourcecode.swift; path = SearchViewController.swift; sourceTree = "<group>"; };
		63376A45214EA19800DD51F8 /* trailerCell.swift */ = {isa = PBXFileReference; lastKnownFileType = sourcecode.swift; path = trailerCell.swift; sourceTree = "<group>"; };
		635322B22167FD390063CBC1 /* UserViewController.swift */ = {isa = PBXFileReference; lastKnownFileType = sourcecode.swift; path = UserViewController.swift; sourceTree = "<group>"; };
		636B321C2061950800B7F084 /* TmdbAPIService.swift */ = {isa = PBXFileReference; lastKnownFileType = sourcecode.swift; path = TmdbAPIService.swift; sourceTree = "<group>"; };
		6379B4801FEFF75200C73FE8 /* Base */ = {isa = PBXFileReference; lastKnownFileType = file.storyboard; name = Base; path = Base.lproj/Main.storyboard; sourceTree = "<group>"; };
		6379B4821FEFFC5C00C73FE8 /* ActorCell.swift */ = {isa = PBXFileReference; lastKnownFileType = sourcecode.swift; path = ActorCell.swift; sourceTree = "<group>"; };
		63981D3C1FEFC9CF00F2DB63 /* DiMovies2.app */ = {isa = PBXFileReference; explicitFileType = wrapper.application; includeInIndex = 0; path = DiMovies2.app; sourceTree = BUILT_PRODUCTS_DIR; };
		63981D3F1FEFC9CF00F2DB63 /* AppDelegate.swift */ = {isa = PBXFileReference; lastKnownFileType = sourcecode.swift; path = AppDelegate.swift; sourceTree = "<group>"; };
		63981D491FEFC9CF00F2DB63 /* Base */ = {isa = PBXFileReference; lastKnownFileType = file.storyboard; name = Base; path = Base.lproj/LaunchScreen.storyboard; sourceTree = "<group>"; };
		63981D4B1FEFC9CF00F2DB63 /* Info.plist */ = {isa = PBXFileReference; lastKnownFileType = text.plist.xml; path = Info.plist; sourceTree = "<group>"; };
		63981D511FEFC9F000F2DB63 /* MoviesViewController.swift */ = {isa = PBXFileReference; lastKnownFileType = sourcecode.swift; path = MoviesViewController.swift; sourceTree = "<group>"; };
		63981D541FEFCBEF00F2DB63 /* MovieCell.swift */ = {isa = PBXFileReference; lastKnownFileType = sourcecode.swift; path = MovieCell.swift; sourceTree = "<group>"; };
		63EEE9581FF0027A00E66F2A /* Actor.swift */ = {isa = PBXFileReference; lastKnownFileType = sourcecode.swift; path = Actor.swift; sourceTree = "<group>"; };
		6E4408C124DC6D0A7C16DED6 /* Pods_DiMovies2.framework */ = {isa = PBXFileReference; explicitFileType = wrapper.framework; includeInIndex = 0; path = Pods_DiMovies2.framework; sourceTree = BUILT_PRODUCTS_DIR; };
		8354B96AE0E2CF3237BF6EC4 /* Pods-DiMovies2.debug.xcconfig */ = {isa = PBXFileReference; includeInIndex = 1; lastKnownFileType = text.xcconfig; name = "Pods-DiMovies2.debug.xcconfig"; path = "Pods/Target Support Files/Pods-DiMovies2/Pods-DiMovies2.debug.xcconfig"; sourceTree = "<group>"; };
		9D7E1AD016A6478D7F44C04E /* Pods-DiMovies2.release.xcconfig */ = {isa = PBXFileReference; includeInIndex = 1; lastKnownFileType = text.xcconfig; name = "Pods-DiMovies2.release.xcconfig"; path = "Pods/Target Support Files/Pods-DiMovies2/Pods-DiMovies2.release.xcconfig"; sourceTree = "<group>"; };
/* End PBXFileReference section */

/* Begin PBXFrameworksBuildPhase section */
		63981D391FEFC9CF00F2DB63 /* Frameworks */ = {
			isa = PBXFrameworksBuildPhase;
			buildActionMask = 2147483647;
			files = (
				4982A02B33F395CD5F87C04A /* Pods_DiMovies2.framework in Frameworks */,
			);
			runOnlyForDeploymentPostprocessing = 0;
		};
/* End PBXFrameworksBuildPhase section */

/* Begin PBXGroup section */
		6305CCF21FEFD1B300CF39B1 /* Model */ = {
			isa = PBXGroup;
			children = (
				6305CCF01FEFD1AB00CF39B1 /* Movie.swift */,
				63EEE9581FF0027A00E66F2A /* Actor.swift */,
			);
			path = Model;
			sourceTree = "<group>";
		};
		636B321E2061955600B7F084 /* Service */ = {
			isa = PBXGroup;
			children = (
				636B321C2061950800B7F084 /* TmdbAPIService.swift */,
			);
			path = Service;
			sourceTree = "<group>";
		};
		63981D331FEFC9CF00F2DB63 = {
			isa = PBXGroup;
			children = (
				63981D3E1FEFC9CF00F2DB63 /* DiMovies2 */,
				FE4B554C679A804F0D21BED0 /* Frameworks */,
				7A18CF39624142CBF12D84CF /* Pods */,
				63981D3D1FEFC9CF00F2DB63 /* Products */,
			);
			sourceTree = "<group>";
		};
		63981D3D1FEFC9CF00F2DB63 /* Products */ = {
			isa = PBXGroup;
			children = (
				63981D3C1FEFC9CF00F2DB63 /* DiMovies2.app */,
			);
			name = Products;
			sourceTree = "<group>";
		};
		63981D3E1FEFC9CF00F2DB63 /* DiMovies2 */ = {
			isa = PBXGroup;
			children = (
				632F044B21677D9C007CD6DA /* Assets.xcassets */,
				63981D3F1FEFC9CF00F2DB63 /* AppDelegate.swift */,
				63981D4B1FEFC9CF00F2DB63 /* Info.plist */,
				63981D481FEFC9CF00F2DB63 /* LaunchScreen.storyboard */,
				6379B47F1FEFF75200C73FE8 /* Main.storyboard */,
				6305CCF21FEFD1B300CF39B1 /* Model */,
				636B321E2061955600B7F084 /* Service */,
				63981D531FEFCA2900F2DB63 /* ViewControllers */,
				63981D561FEFCBF500F2DB63 /* Views */,
			);
			path = DiMovies2;
			sourceTree = "<group>";
		};
		63981D531FEFCA2900F2DB63 /* ViewControllers */ = {
			isa = PBXGroup;
			children = (
				63981D511FEFC9F000F2DB63 /* MoviesViewController.swift */,
				6305CCF31FEFE25700CF39B1 /* MovieSelectionViewController.swift */,
				632F044D216786ED007CD6DA /* SearchViewController.swift */,
				635322B22167FD390063CBC1 /* UserViewController.swift */,
			);
			path = ViewControllers;
			sourceTree = "<group>";
		};
		63981D561FEFCBF500F2DB63 /* Views */ = {
			isa = PBXGroup;
			children = (
				63981D541FEFCBEF00F2DB63 /* MovieCell.swift */,
				6305CCF51FEFE51500CF39B1 /* MovieHeaderCell.swift */,
				6379B4821FEFFC5C00C73FE8 /* ActorCell.swift */,
				63376A45214EA19800DD51F8 /* trailerCell.swift */,
				632DB3892168D5D3007A878C /* SearchSectionHeaderCell.swift */,
			);
			path = Views;
			sourceTree = "<group>";
		};
		7A18CF39624142CBF12D84CF /* Pods */ = {
			isa = PBXGroup;
			children = (
				8354B96AE0E2CF3237BF6EC4 /* Pods-DiMovies2.debug.xcconfig */,
				9D7E1AD016A6478D7F44C04E /* Pods-DiMovies2.release.xcconfig */,
			);
			name = Pods;
			sourceTree = "<group>";
		};
		FE4B554C679A804F0D21BED0 /* Frameworks */ = {
			isa = PBXGroup;
			children = (
				6E4408C124DC6D0A7C16DED6 /* Pods_DiMovies2.framework */,
			);
			name = Frameworks;
			sourceTree = "<group>";
		};
/* End PBXGroup section */

/* Begin PBXNativeTarget section */
		63981D3B1FEFC9CF00F2DB63 /* DiMovies2 */ = {
			isa = PBXNativeTarget;
			buildConfigurationList = 63981D4E1FEFC9CF00F2DB63 /* Build configuration list for PBXNativeTarget "DiMovies2" */;
			buildPhases = (
				25FB572C349811AA8E9CAF3A /* [CP] Check Pods Manifest.lock */,
				63981D381FEFC9CF00F2DB63 /* Sources */,
				63981D391FEFC9CF00F2DB63 /* Frameworks */,
				63981D3A1FEFC9CF00F2DB63 /* Resources */,
				3FEB7DEEBDA558D2AE41C07E /* [CP] Embed Pods Frameworks */,
			);
			buildRules = (
			);
			dependencies = (
			);
			name = DiMovies2;
			productName = DiMovies2;
			productReference = 63981D3C1FEFC9CF00F2DB63 /* DiMovies2.app */;
			productType = "com.apple.product-type.application";
		};
/* End PBXNativeTarget section */

/* Begin PBXProject section */
		63981D341FEFC9CF00F2DB63 /* Project object */ = {
			isa = PBXProject;
			attributes = {
				LastSwiftUpdateCheck = 0910;
				LastUpgradeCheck = 1000;
				ORGANIZATIONNAME = "Dimmy Maenhout";
				TargetAttributes = {
					63981D3B1FEFC9CF00F2DB63 = {
						CreatedOnToolsVersion = 9.1;
						ProvisioningStyle = Automatic;
					};
				};
			};
			buildConfigurationList = 63981D371FEFC9CF00F2DB63 /* Build configuration list for PBXProject "DiMovies2" */;
			compatibilityVersion = "Xcode 8.0";
			developmentRegion = en;
			hasScannedForEncodings = 0;
			knownRegions = (
				en,
				Base,
			);
			mainGroup = 63981D331FEFC9CF00F2DB63;
			productRefGroup = 63981D3D1FEFC9CF00F2DB63 /* Products */;
			projectDirPath = "";
			projectRoot = "";
			targets = (
				63981D3B1FEFC9CF00F2DB63 /* DiMovies2 */,
			);
		};
/* End PBXProject section */

/* Begin PBXResourcesBuildPhase section */
		63981D3A1FEFC9CF00F2DB63 /* Resources */ = {
			isa = PBXResourcesBuildPhase;
			buildActionMask = 2147483647;
			files = (
				6379B4811FEFF75200C73FE8 /* Main.storyboard in Resources */,
				632F044C21677D9C007CD6DA /* Assets.xcassets in Resources */,
				63981D4A1FEFC9CF00F2DB63 /* LaunchScreen.storyboard in Resources */,
			);
			runOnlyForDeploymentPostprocessing = 0;
		};
/* End PBXResourcesBuildPhase section */

/* Begin PBXShellScriptBuildPhase section */
		25FB572C349811AA8E9CAF3A /* [CP] Check Pods Manifest.lock */ = {
			isa = PBXShellScriptBuildPhase;
			buildActionMask = 2147483647;
			files = (
			);
			inputPaths = (
				"${PODS_PODFILE_DIR_PATH}/Podfile.lock",
				"${PODS_ROOT}/Manifest.lock",
			);
			name = "[CP] Check Pods Manifest.lock";
			outputPaths = (
				"$(DERIVED_FILE_DIR)/Pods-DiMovies2-checkManifestLockResult.txt",
			);
			runOnlyForDeploymentPostprocessing = 0;
			shellPath = /bin/sh;
			shellScript = "diff \"${PODS_PODFILE_DIR_PATH}/Podfile.lock\" \"${PODS_ROOT}/Manifest.lock\" > /dev/null\nif [ $? != 0 ] ; then\n    # print error to STDERR\n    echo \"error: The sandbox is not in sync with the Podfile.lock. Run 'pod install' or update your CocoaPods installation.\" >&2\n    exit 1\nfi\n# This output is used by Xcode 'outputs' to avoid re-running this script phase.\necho \"SUCCESS\" > \"${SCRIPT_OUTPUT_FILE_0}\"\n";
			showEnvVarsInLog = 0;
		};
		3FEB7DEEBDA558D2AE41C07E /* [CP] Embed Pods Frameworks */ = {
			isa = PBXShellScriptBuildPhase;
			buildActionMask = 2147483647;
			files = (
			);
			inputPaths = (
				"${SRCROOT}/Pods/Target Support Files/Pods-DiMovies2/Pods-DiMovies2-frameworks.sh",
				"${BUILT_PRODUCTS_DIR}/Alamofire/Alamofire.framework",
				"${BUILT_PRODUCTS_DIR}/Realm/Realm.framework",
				"${BUILT_PRODUCTS_DIR}/RealmSwift/RealmSwift.framework",
			);
			name = "[CP] Embed Pods Frameworks";
			outputPaths = (
				"${TARGET_BUILD_DIR}/${FRAMEWORKS_FOLDER_PATH}/Alamofire.framework",
				"${TARGET_BUILD_DIR}/${FRAMEWORKS_FOLDER_PATH}/Realm.framework",
				"${TARGET_BUILD_DIR}/${FRAMEWORKS_FOLDER_PATH}/RealmSwift.framework",
			);
			runOnlyForDeploymentPostprocessing = 0;
			shellPath = /bin/sh;
			shellScript = "\"${SRCROOT}/Pods/Target Support Files/Pods-DiMovies2/Pods-DiMovies2-frameworks.sh\"\n";
			showEnvVarsInLog = 0;
		};
/* End PBXShellScriptBuildPhase section */

/* Begin PBXSourcesBuildPhase section */
		63981D381FEFC9CF00F2DB63 /* Sources */ = {
			isa = PBXSourcesBuildPhase;
			buildActionMask = 2147483647;
			files = (
				63981D401FEFC9CF00F2DB63 /* AppDelegate.swift in Sources */,
				635322B32167FD390063CBC1 /* UserViewController.swift in Sources */,
				632F044E216786ED007CD6DA /* SearchViewController.swift in Sources */,
				63376A46214EA19800DD51F8 /* trailerCell.swift in Sources */,
				63981D551FEFCBEF00F2DB63 /* MovieCell.swift in Sources */,
				63981D521FEFC9F000F2DB63 /* MoviesViewController.swift in Sources */,
				6305CCF61FEFE51500CF39B1 /* MovieHeaderCell.swift in Sources */,
				6305CCF11FEFD1AB00CF39B1 /* Movie.swift in Sources */,
				6379B4831FEFFC5C00C73FE8 /* ActorCell.swift in Sources */,
				632DB38A2168D5D3007A878C /* SearchSectionHeaderCell.swift in Sources */,
				6305CCF41FEFE25700CF39B1 /* MovieSelectionViewController.swift in Sources */,
				636B321D2061950800B7F084 /* TmdbAPIService.swift in Sources */,
				63EEE9591FF0027A00E66F2A /* Actor.swift in Sources */,
			);
			runOnlyForDeploymentPostprocessing = 0;
		};
/* End PBXSourcesBuildPhase section */

/* Begin PBXVariantGroup section */
		6379B47F1FEFF75200C73FE8 /* Main.storyboard */ = {
			isa = PBXVariantGroup;
			children = (
				6379B4801FEFF75200C73FE8 /* Base */,
			);
			name = Main.storyboard;
			sourceTree = "<group>";
		};
		63981D481FEFC9CF00F2DB63 /* LaunchScreen.storyboard */ = {
			isa = PBXVariantGroup;
			children = (
				63981D491FEFC9CF00F2DB63 /* Base */,
			);
			name = LaunchScreen.storyboard;
			sourceTree = "<group>";
		};
/* End PBXVariantGroup section */

/* Begin XCBuildConfiguration section */
		63981D4C1FEFC9CF00F2DB63 /* Debug */ = {
			isa = XCBuildConfiguration;
			buildSettings = {
				ALWAYS_SEARCH_USER_PATHS = NO;
				CLANG_ANALYZER_NONNULL = YES;
				CLANG_ANALYZER_NUMBER_OBJECT_CONVERSION = YES_AGGRESSIVE;
				CLANG_CXX_LANGUAGE_STANDARD = "gnu++14";
				CLANG_CXX_LIBRARY = "libc++";
				CLANG_ENABLE_MODULES = YES;
				CLANG_ENABLE_OBJC_ARC = YES;
				CLANG_WARN_BLOCK_CAPTURE_AUTORELEASING = YES;
				CLANG_WARN_BOOL_CONVERSION = YES;
				CLANG_WARN_COMMA = YES;
				CLANG_WARN_CONSTANT_CONVERSION = YES;
				CLANG_WARN_DEPRECATED_OBJC_IMPLEMENTATIONS = YES;
				CLANG_WARN_DIRECT_OBJC_ISA_USAGE = YES_ERROR;
				CLANG_WARN_DOCUMENTATION_COMMENTS = YES;
				CLANG_WARN_EMPTY_BODY = YES;
				CLANG_WARN_ENUM_CONVERSION = YES;
				CLANG_WARN_INFINITE_RECURSION = YES;
				CLANG_WARN_INT_CONVERSION = YES;
				CLANG_WARN_NON_LITERAL_NULL_CONVERSION = YES;
				CLANG_WARN_OBJC_IMPLICIT_RETAIN_SELF = YES;
				CLANG_WARN_OBJC_LITERAL_CONVERSION = YES;
				CLANG_WARN_OBJC_ROOT_CLASS = YES_ERROR;
				CLANG_WARN_RANGE_LOOP_ANALYSIS = YES;
				CLANG_WARN_STRICT_PROTOTYPES = YES;
				CLANG_WARN_SUSPICIOUS_MOVE = YES;
				CLANG_WARN_UNGUARDED_AVAILABILITY = YES_AGGRESSIVE;
				CLANG_WARN_UNREACHABLE_CODE = YES;
				CLANG_WARN__DUPLICATE_METHOD_MATCH = YES;
				CODE_SIGN_IDENTITY = "iPhone Developer";
				COPY_PHASE_STRIP = NO;
				DEBUG_INFORMATION_FORMAT = dwarf;
				ENABLE_STRICT_OBJC_MSGSEND = YES;
				ENABLE_TESTABILITY = YES;
				GCC_C_LANGUAGE_STANDARD = gnu11;
				GCC_DYNAMIC_NO_PIC = NO;
				GCC_NO_COMMON_BLOCKS = YES;
				GCC_OPTIMIZATION_LEVEL = 0;
				GCC_PREPROCESSOR_DEFINITIONS = (
					"DEBUG=1",
					"$(inherited)",
				);
				GCC_WARN_64_TO_32_BIT_CONVERSION = YES;
				GCC_WARN_ABOUT_RETURN_TYPE = YES_ERROR;
				GCC_WARN_UNDECLARED_SELECTOR = YES;
				GCC_WARN_UNINITIALIZED_AUTOS = YES_AGGRESSIVE;
				GCC_WARN_UNUSED_FUNCTION = YES;
				GCC_WARN_UNUSED_VARIABLE = YES;
				IPHONEOS_DEPLOYMENT_TARGET = 11.1;
				MTL_ENABLE_DEBUG_INFO = YES;
				ONLY_ACTIVE_ARCH = YES;
				SDKROOT = iphoneos;
				SWIFT_ACTIVE_COMPILATION_CONDITIONS = DEBUG;
				SWIFT_OPTIMIZATION_LEVEL = "-Onone";
			};
			name = Debug;
		};
		63981D4D1FEFC9CF00F2DB63 /* Release */ = {
			isa = XCBuildConfiguration;
			buildSettings = {
				ALWAYS_SEARCH_USER_PATHS = NO;
				CLANG_ANALYZER_NONNULL = YES;
				CLANG_ANALYZER_NUMBER_OBJECT_CONVERSION = YES_AGGRESSIVE;
				CLANG_CXX_LANGUAGE_STANDARD = "gnu++14";
				CLANG_CXX_LIBRARY = "libc++";
				CLANG_ENABLE_MODULES = YES;
				CLANG_ENABLE_OBJC_ARC = YES;
				CLANG_WARN_BLOCK_CAPTURE_AUTORELEASING = YES;
				CLANG_WARN_BOOL_CONVERSION = YES;
				CLANG_WARN_COMMA = YES;
				CLANG_WARN_CONSTANT_CONVERSION = YES;
				CLANG_WARN_DEPRECATED_OBJC_IMPLEMENTATIONS = YES;
				CLANG_WARN_DIRECT_OBJC_ISA_USAGE = YES_ERROR;
				CLANG_WARN_DOCUMENTATION_COMMENTS = YES;
				CLANG_WARN_EMPTY_BODY = YES;
				CLANG_WARN_ENUM_CONVERSION = YES;
				CLANG_WARN_INFINITE_RECURSION = YES;
				CLANG_WARN_INT_CONVERSION = YES;
				CLANG_WARN_NON_LITERAL_NULL_CONVERSION = YES;
				CLANG_WARN_OBJC_IMPLICIT_RETAIN_SELF = YES;
				CLANG_WARN_OBJC_LITERAL_CONVERSION = YES;
				CLANG_WARN_OBJC_ROOT_CLASS = YES_ERROR;
				CLANG_WARN_RANGE_LOOP_ANALYSIS = YES;
				CLANG_WARN_STRICT_PROTOTYPES = YES;
				CLANG_WARN_SUSPICIOUS_MOVE = YES;
				CLANG_WARN_UNGUARDED_AVAILABILITY = YES_AGGRESSIVE;
				CLANG_WARN_UNREACHABLE_CODE = YES;
				CLANG_WARN__DUPLICATE_METHOD_MATCH = YES;
				CODE_SIGN_IDENTITY = "iPhone Developer";
				COPY_PHASE_STRIP = NO;
				DEBUG_INFORMATION_FORMAT = "dwarf-with-dsym";
				ENABLE_NS_ASSERTIONS = NO;
				ENABLE_STRICT_OBJC_MSGSEND = YES;
				GCC_C_LANGUAGE_STANDARD = gnu11;
				GCC_NO_COMMON_BLOCKS = YES;
				GCC_WARN_64_TO_32_BIT_CONVERSION = YES;
				GCC_WARN_ABOUT_RETURN_TYPE = YES_ERROR;
				GCC_WARN_UNDECLARED_SELECTOR = YES;
				GCC_WARN_UNINITIALIZED_AUTOS = YES_AGGRESSIVE;
				GCC_WARN_UNUSED_FUNCTION = YES;
				GCC_WARN_UNUSED_VARIABLE = YES;
				IPHONEOS_DEPLOYMENT_TARGET = 11.1;
				MTL_ENABLE_DEBUG_INFO = NO;
				SDKROOT = iphoneos;
				SWIFT_OPTIMIZATION_LEVEL = "-Owholemodule";
				VALIDATE_PRODUCT = YES;
			};
			name = Release;
		};
		63981D4F1FEFC9CF00F2DB63 /* Debug */ = {
			isa = XCBuildConfiguration;
			baseConfigurationReference = 8354B96AE0E2CF3237BF6EC4 /* Pods-DiMovies2.debug.xcconfig */;
			buildSettings = {
				ASSETCATALOG_COMPILER_APPICON_NAME = AppIcon;
				CODE_SIGN_STYLE = Automatic;
				DEVELOPMENT_TEAM = QSK66EYT9M;
				INFOPLIST_FILE = DiMovies2/Info.plist;
				LD_RUNPATH_SEARCH_PATHS = "$(inherited) @executable_path/Frameworks";
				PRODUCT_BUNDLE_IDENTIFIER = dmaenhout.DiMovies2;
				PRODUCT_NAME = "$(TARGET_NAME)";
				SWIFT_VERSION = 4.0;
				TARGETED_DEVICE_FAMILY = "1,2";
			};
			name = Debug;
		};
		63981D501FEFC9CF00F2DB63 /* Release */ = {
			isa = XCBuildConfiguration;
			baseConfigurationReference = 9D7E1AD016A6478D7F44C04E /* Pods-DiMovies2.release.xcconfig */;
			buildSettings = {
				ASSETCATALOG_COMPILER_APPICON_NAME = AppIcon;
				CODE_SIGN_STYLE = Automatic;
				DEVELOPMENT_TEAM = QSK66EYT9M;
				INFOPLIST_FILE = DiMovies2/Info.plist;
				LD_RUNPATH_SEARCH_PATHS = "$(inherited) @executable_path/Frameworks";
				PRODUCT_BUNDLE_IDENTIFIER = dmaenhout.DiMovies2;
				PRODUCT_NAME = "$(TARGET_NAME)";
				SWIFT_VERSION = 4.0;
				TARGETED_DEVICE_FAMILY = "1,2";
			};
			name = Release;
		};
/* End XCBuildConfiguration section */

/* Begin XCConfigurationList section */
		63981D371FEFC9CF00F2DB63 /* Build configuration list for PBXProject "DiMovies2" */ = {
			isa = XCConfigurationList;
			buildConfigurations = (
				63981D4C1FEFC9CF00F2DB63 /* Debug */,
				63981D4D1FEFC9CF00F2DB63 /* Release */,
			);
			defaultConfigurationIsVisible = 0;
			defaultConfigurationName = Release;
		};
		63981D4E1FEFC9CF00F2DB63 /* Build configuration list for PBXNativeTarget "DiMovies2" */ = {
			isa = XCConfigurationList;
			buildConfigurations = (
				63981D4F1FEFC9CF00F2DB63 /* Debug */,
				63981D501FEFC9CF00F2DB63 /* Release */,
			);
			defaultConfigurationIsVisible = 0;
			defaultConfigurationName = Release;
		};
/* End XCConfigurationList section */
	};
	rootObject = 63981D341FEFC9CF00F2DB63 /* Project object */;
}
